
Microsoft Visual Studio Solution File, Format Version 12.00
# Visual Studio 15
VisualStudioVersion = 15.0.27703.2047
MinimumVisualStudioVersion = 10.0.40219.1
Project("{FAE04EC0-301F-11D3-BF4B-00C04F79EFBC}") = "Mod", "Mod\Mod.csproj", "{6784E59D-690A-4B96-A7F7-FC193E9D21D8}"
EndProject
Global
	GlobalSection(SolutionConfigurationPlatforms) = preSolution
		Debug|Any CPU = Debug|Any CPU
		Release|Any CPU = Release|Any CPU
	EndGlobalSection
	GlobalSection(ProjectConfigurationPlatforms) = postSolution
		{6784E59D-690A-4B96-A7F7-FC193E9D21D8}.Debug|Any CPU.ActiveCfg = Debug|Any CPU
		{6784E59D-690A-4B96-A7F7-FC193E9D21D8}.Debug|Any CPU.Build.0 = Debug|Any CPU
		{6784E59D-690A-4B96-A7F7-FC193E9D21D8}.Release|Any CPU.ActiveCfg = Release|Any CPU
		{6784E59D-690A-4B96-A7F7-FC193E9D21D8}.Release|Any CPU.Build.0 = Release|Any CPU
	EndGlobalSection
	GlobalSection(SolutionProperties) = preSolution
		HideSolutionNode = FALSE
	EndGlobalSection
	GlobalSection(ExtensibilityGlobals) = postSolution
		SolutionGuid = {0A372AEC-997B-451E-B338-BE75C59A300F}
	EndGlobalSection
EndGlobal
